
Microsoft Visual Studio Solution File, Format Version 12.00
# Visual Studio Version 17
VisualStudioVersion = 17.8.34322.80
MinimumVisualStudioVersion = 10.0.40219.1
Project("{FAE04EC0-301F-11D3-BF4B-00C04F79EFBC}") = "loadfile", "loadfile\loadfile.csproj", "{FF38E2BF-3FEA-474B-A141-E175907EB0D8}"
EndProject
Global
	GlobalSection(SolutionConfigurationPlatforms) = preSolution
		Debug|Any CPU = Debug|Any CPU
		Release|Any CPU = Release|Any CPU
	EndGlobalSection
	GlobalSection(ProjectConfigurationPlatforms) = postSolution
		{FF38E2BF-3FEA-474B-A141-E175907EB0D8}.Debug|Any CPU.ActiveCfg = Debug|Any CPU
		{FF38E2BF-3FEA-474B-A141-E175907EB0D8}.Debug|Any CPU.Build.0 = Debug|Any CPU
		{FF38E2BF-3FEA-474B-A141-E175907EB0D8}.Release|Any CPU.ActiveCfg = Release|Any CPU
		{FF38E2BF-3FEA-474B-A141-E175907EB0D8}.Release|Any CPU.Build.0 = Release|Any CPU
	EndGlobalSection
	GlobalSection(SolutionProperties) = preSolution
		HideSolutionNode = FALSE
	EndGlobalSection
	GlobalSection(ExtensibilityGlobals) = postSolution
		SolutionGuid = {5DE58999-CD5A-448A-B192-DC87CD0C99ED}
	EndGlobalSection
EndGlobal
